
Microsoft Visual Studio Solution File, Format Version 12.00
# Visual Studio Version 17
VisualStudioVersion = 17.7.34031.279
MinimumVisualStudioVersion = 10.0.40219.1
Project("{FAE04EC0-301F-11D3-BF4B-00C04F79EFBC}") = "SimpleServer", "SimpleServer\SimpleServer.csproj", "{781C2D10-D74E-47C8-9A94-CA7CF8DB6823}"
EndProject
Global
	GlobalSection(SolutionConfigurationPlatforms) = preSolution
		Debug|Any CPU = Debug|Any CPU
		Release|Any CPU = Release|Any CPU
	EndGlobalSection
	GlobalSection(ProjectConfigurationPlatforms) = postSolution
		{781C2D10-D74E-47C8-9A94-CA7CF8DB6823}.Debug|Any CPU.ActiveCfg = Debug|Any CPU
		{781C2D10-D74E-47C8-9A94-CA7CF8DB6823}.Debug|Any CPU.Build.0 = Debug|Any CPU
		{781C2D10-D74E-47C8-9A94-CA7CF8DB6823}.Release|Any CPU.ActiveCfg = Release|Any CPU
		{781C2D10-D74E-47C8-9A94-CA7CF8DB6823}.Release|Any CPU.Build.0 = Release|Any CPU
	EndGlobalSection
	GlobalSection(SolutionProperties) = preSolution
		HideSolutionNode = FALSE
	EndGlobalSection
	GlobalSection(ExtensibilityGlobals) = postSolution
		SolutionGuid = {37DEA216-3F99-4A9F-9104-E7D87CA2F60B}
	EndGlobalSection
EndGlobal
