
Microsoft Visual Studio Solution File, Format Version 12.00
# Visual Studio Version 17
VisualStudioVersion = 17.7.34031.279
MinimumVisualStudioVersion = 10.0.40219.1
Project("{FAE04EC0-301F-11D3-BF4B-00C04F79EFBC}") = "GameServer", "GameServer\GameServer.csproj", "{70FE816C-D590-4A56-9136-16248E3F6E00}"
EndProject
Global
	GlobalSection(SolutionConfigurationPlatforms) = preSolution
		Debug|Any CPU = Debug|Any CPU
		Release|Any CPU = Release|Any CPU
	EndGlobalSection
	GlobalSection(ProjectConfigurationPlatforms) = postSolution
		{70FE816C-D590-4A56-9136-16248E3F6E00}.Debug|Any CPU.ActiveCfg = Debug|Any CPU
		{70FE816C-D590-4A56-9136-16248E3F6E00}.Debug|Any CPU.Build.0 = Debug|Any CPU
		{70FE816C-D590-4A56-9136-16248E3F6E00}.Release|Any CPU.ActiveCfg = Release|Any CPU
		{70FE816C-D590-4A56-9136-16248E3F6E00}.Release|Any CPU.Build.0 = Release|Any CPU
	EndGlobalSection
	GlobalSection(SolutionProperties) = preSolution
		HideSolutionNode = FALSE
	EndGlobalSection
	GlobalSection(ExtensibilityGlobals) = postSolution
		SolutionGuid = {CC6A7644-252F-45F5-8D36-806C3130AC26}
	EndGlobalSection
EndGlobal
